
Microsoft Visual Studio Solution File, Format Version 12.00
# Visual Studio Version 16
VisualStudioVersion = 16.0.31205.134
MinimumVisualStudioVersion = 10.0.40219.1
Project("{9A19103F-16F7-4668-BE54-9A1E7A4F7556}") = "Intel.Personnel.Data", "DataLayer\Intel.Personnel.Data.csproj", "{5A6C96EE-7D5D-4C02-9DFD-28B1B882F479}"
EndProject
Project("{9A19103F-16F7-4668-BE54-9A1E7A4F7556}") = "Intel.Personnel.WebAPI", "EmployeeWebAPI\Intel.Personnel.WebAPI.csproj", "{8B4E1B36-ECBA-477B-9FB4-D833BD23C544}"
EndProject
Project("{9A19103F-16F7-4668-BE54-9A1E7A4F7556}") = "Intel.Personnel.BlazorClient", "EmployeeBlazorClient31\Intel.Personnel.BlazorClient.csproj", "{52E40707-72D2-416D-B4A2-9957268FEF5C}"
EndProject
Project("{9A19103F-16F7-4668-BE54-9A1E7A4F7556}") = "RazorClassLibrary31", "RazorClassLibrary31\RazorClassLibrary31.csproj", "{7B1B22F2-D67D-4A99-9093-C998060031AA}"
EndProject
Project("{9A19103F-16F7-4668-BE54-9A1E7A4F7556}") = "EmployeeBlazorServer31", "EmployeeBlazorServer31\EmployeeBlazorServer31.csproj", "{5D57EC55-468D-453E-8FDF-1A57B0EB02B2}"
EndProject
Project("{9A19103F-16F7-4668-BE54-9A1E7A4F7556}") = "Intel.Personnel.IdentityProvider", "JwtServer31\Intel.Personnel.IdentityProvider.csproj", "{FA6038D0-096A-4292-9634-A1FF7FDA19E3}"
EndProject
Global
	GlobalSection(SolutionConfigurationPlatforms) = preSolution
		Debug|Any CPU = Debug|Any CPU
		Release|Any CPU = Release|Any CPU
	EndGlobalSection
	GlobalSection(ProjectConfigurationPlatforms) = postSolution
		{5A6C96EE-7D5D-4C02-9DFD-28B1B882F479}.Debug|Any CPU.ActiveCfg = Debug|Any CPU
		{5A6C96EE-7D5D-4C02-9DFD-28B1B882F479}.Debug|Any CPU.Build.0 = Debug|Any CPU
		{5A6C96EE-7D5D-4C02-9DFD-28B1B882F479}.Release|Any CPU.ActiveCfg = Release|Any CPU
		{5A6C96EE-7D5D-4C02-9DFD-28B1B882F479}.Release|Any CPU.Build.0 = Release|Any CPU
		{8B4E1B36-ECBA-477B-9FB4-D833BD23C544}.Debug|Any CPU.ActiveCfg = Debug|Any CPU
		{8B4E1B36-ECBA-477B-9FB4-D833BD23C544}.Debug|Any CPU.Build.0 = Debug|Any CPU
		{8B4E1B36-ECBA-477B-9FB4-D833BD23C544}.Release|Any CPU.ActiveCfg = Release|Any CPU
		{8B4E1B36-ECBA-477B-9FB4-D833BD23C544}.Release|Any CPU.Build.0 = Release|Any CPU
		{52E40707-72D2-416D-B4A2-9957268FEF5C}.Debug|Any CPU.ActiveCfg = Debug|Any CPU
		{52E40707-72D2-416D-B4A2-9957268FEF5C}.Debug|Any CPU.Build.0 = Debug|Any CPU
		{52E40707-72D2-416D-B4A2-9957268FEF5C}.Release|Any CPU.ActiveCfg = Release|Any CPU
		{52E40707-72D2-416D-B4A2-9957268FEF5C}.Release|Any CPU.Build.0 = Release|Any CPU
		{7B1B22F2-D67D-4A99-9093-C998060031AA}.Debug|Any CPU.ActiveCfg = Debug|Any CPU
		{7B1B22F2-D67D-4A99-9093-C998060031AA}.Debug|Any CPU.Build.0 = Debug|Any CPU
		{7B1B22F2-D67D-4A99-9093-C998060031AA}.Release|Any CPU.ActiveCfg = Release|Any CPU
		{7B1B22F2-D67D-4A99-9093-C998060031AA}.Release|Any CPU.Build.0 = Release|Any CPU
		{5D57EC55-468D-453E-8FDF-1A57B0EB02B2}.Debug|Any CPU.ActiveCfg = Debug|Any CPU
		{5D57EC55-468D-453E-8FDF-1A57B0EB02B2}.Debug|Any CPU.Build.0 = Debug|Any CPU
		{5D57EC55-468D-453E-8FDF-1A57B0EB02B2}.Release|Any CPU.ActiveCfg = Release|Any CPU
		{5D57EC55-468D-453E-8FDF-1A57B0EB02B2}.Release|Any CPU.Build.0 = Release|Any CPU
		{FA6038D0-096A-4292-9634-A1FF7FDA19E3}.Debug|Any CPU.ActiveCfg = Debug|Any CPU
		{FA6038D0-096A-4292-9634-A1FF7FDA19E3}.Debug|Any CPU.Build.0 = Debug|Any CPU
		{FA6038D0-096A-4292-9634-A1FF7FDA19E3}.Release|Any CPU.ActiveCfg = Release|Any CPU
		{FA6038D0-096A-4292-9634-A1FF7FDA19E3}.Release|Any CPU.Build.0 = Release|Any CPU
	EndGlobalSection
	GlobalSection(SolutionProperties) = preSolution
		HideSolutionNode = FALSE
	EndGlobalSection
	GlobalSection(ExtensibilityGlobals) = postSolution
		SolutionGuid = {E00F41AF-6DF9-4695-B384-2DA67DB232FF}
	EndGlobalSection
EndGlobal
