
Microsoft Visual Studio Solution File, Format Version 12.00
# Visual Studio Version 16
VisualStudioVersion = 16.0.31205.134
MinimumVisualStudioVersion = 10.0.40219.1
Project("{9A19103F-16F7-4668-BE54-9A1E7A4F7556}") = "DataLayer31", "DataLayer\DataLayer31.csproj", "{5A6C96EE-7D5D-4C02-9DFD-28B1B882F479}"
EndProject
Project("{9A19103F-16F7-4668-BE54-9A1E7A4F7556}") = "EmployeeWebAPI31", "EmployeeWebAPI\EmployeeWebAPI31.csproj", "{8B4E1B36-ECBA-477B-9FB4-D833BD23C544}"
EndProject
Project("{9A19103F-16F7-4668-BE54-9A1E7A4F7556}") = "EmployeeBlazor", "EmployeeBlazor\EmployeeBlazor.csproj", "{2A3E6BF4-201A-468D-A0E9-8147FC57409C}"
EndProject
Project("{9A19103F-16F7-4668-BE54-9A1E7A4F7556}") = "Employee.Blazor.Client.UI", "Employee.Blazor.Client.UI\Employee.Blazor.Client.UI.csproj", "{257C296C-A846-46A5-B907-CA8FAD254CBD}"
EndProject
Project("{9A19103F-16F7-4668-BE54-9A1E7A4F7556}") = "Razor.Components.Library", "Razor.Components.Library\Razor.Components.Library.csproj", "{5604C3EA-CF87-457F-8374-606E364F83F5}"
EndProject
Project("{9A19103F-16F7-4668-BE54-9A1E7A4F7556}") = "Employee.Blazor.Server.UI", "Employee.Blazor.Server.UI\Employee.Blazor.Server.UI.csproj", "{4FE6AE78-4C92-433C-A398-8A2E0B13FF09}"
EndProject
Project("{9A19103F-16F7-4668-BE54-9A1E7A4F7556}") = "EmployeeBlazorClient31", "EmployeeBlazorClient31\EmployeeBlazorClient31.csproj", "{52E40707-72D2-416D-B4A2-9957268FEF5C}"
EndProject
Project("{2150E333-8FDC-42A3-9474-1A3956D46DE8}") = ".netcore3.1", ".netcore3.1", "{1075B439-0722-4F91-A8F1-E0F7D240D0AD}"
EndProject
Project("{2150E333-8FDC-42A3-9474-1A3956D46DE8}") = ".net5.0", ".net5.0", "{B6F0F052-4D69-4AEC-A09B-852B26545540}"
EndProject
Project("{9A19103F-16F7-4668-BE54-9A1E7A4F7556}") = "RazorClassLibrary31", "RazorClassLibrary31\RazorClassLibrary31.csproj", "{7B1B22F2-D67D-4A99-9093-C998060031AA}"
EndProject
Project("{9A19103F-16F7-4668-BE54-9A1E7A4F7556}") = "EmployeeBlazorServer31", "EmployeeBlazorServer31\EmployeeBlazorServer31.csproj", "{5D57EC55-468D-453E-8FDF-1A57B0EB02B2}"
EndProject
Project("{FAE04EC0-301F-11D3-BF4B-00C04F79EFBC}") = "JwtServer31", "JwtServer31\JwtServer31.csproj", "{FA6038D0-096A-4292-9634-A1FF7FDA19E3}"
EndProject
Global
	GlobalSection(SolutionConfigurationPlatforms) = preSolution
		Debug|Any CPU = Debug|Any CPU
		Release|Any CPU = Release|Any CPU
	EndGlobalSection
	GlobalSection(ProjectConfigurationPlatforms) = postSolution
		{5A6C96EE-7D5D-4C02-9DFD-28B1B882F479}.Debug|Any CPU.ActiveCfg = Debug|Any CPU
		{5A6C96EE-7D5D-4C02-9DFD-28B1B882F479}.Debug|Any CPU.Build.0 = Debug|Any CPU
		{5A6C96EE-7D5D-4C02-9DFD-28B1B882F479}.Release|Any CPU.ActiveCfg = Release|Any CPU
		{5A6C96EE-7D5D-4C02-9DFD-28B1B882F479}.Release|Any CPU.Build.0 = Release|Any CPU
		{8B4E1B36-ECBA-477B-9FB4-D833BD23C544}.Debug|Any CPU.ActiveCfg = Debug|Any CPU
		{8B4E1B36-ECBA-477B-9FB4-D833BD23C544}.Debug|Any CPU.Build.0 = Debug|Any CPU
		{8B4E1B36-ECBA-477B-9FB4-D833BD23C544}.Release|Any CPU.ActiveCfg = Release|Any CPU
		{8B4E1B36-ECBA-477B-9FB4-D833BD23C544}.Release|Any CPU.Build.0 = Release|Any CPU
		{2A3E6BF4-201A-468D-A0E9-8147FC57409C}.Debug|Any CPU.ActiveCfg = Debug|Any CPU
		{2A3E6BF4-201A-468D-A0E9-8147FC57409C}.Debug|Any CPU.Build.0 = Debug|Any CPU
		{2A3E6BF4-201A-468D-A0E9-8147FC57409C}.Release|Any CPU.ActiveCfg = Release|Any CPU
		{2A3E6BF4-201A-468D-A0E9-8147FC57409C}.Release|Any CPU.Build.0 = Release|Any CPU
		{257C296C-A846-46A5-B907-CA8FAD254CBD}.Debug|Any CPU.ActiveCfg = Debug|Any CPU
		{257C296C-A846-46A5-B907-CA8FAD254CBD}.Debug|Any CPU.Build.0 = Debug|Any CPU
		{257C296C-A846-46A5-B907-CA8FAD254CBD}.Release|Any CPU.ActiveCfg = Release|Any CPU
		{257C296C-A846-46A5-B907-CA8FAD254CBD}.Release|Any CPU.Build.0 = Release|Any CPU
		{5604C3EA-CF87-457F-8374-606E364F83F5}.Debug|Any CPU.ActiveCfg = Debug|Any CPU
		{5604C3EA-CF87-457F-8374-606E364F83F5}.Debug|Any CPU.Build.0 = Debug|Any CPU
		{5604C3EA-CF87-457F-8374-606E364F83F5}.Release|Any CPU.ActiveCfg = Release|Any CPU
		{5604C3EA-CF87-457F-8374-606E364F83F5}.Release|Any CPU.Build.0 = Release|Any CPU
		{4FE6AE78-4C92-433C-A398-8A2E0B13FF09}.Debug|Any CPU.ActiveCfg = Debug|Any CPU
		{4FE6AE78-4C92-433C-A398-8A2E0B13FF09}.Debug|Any CPU.Build.0 = Debug|Any CPU
		{4FE6AE78-4C92-433C-A398-8A2E0B13FF09}.Release|Any CPU.ActiveCfg = Release|Any CPU
		{4FE6AE78-4C92-433C-A398-8A2E0B13FF09}.Release|Any CPU.Build.0 = Release|Any CPU
		{52E40707-72D2-416D-B4A2-9957268FEF5C}.Debug|Any CPU.ActiveCfg = Debug|Any CPU
		{52E40707-72D2-416D-B4A2-9957268FEF5C}.Debug|Any CPU.Build.0 = Debug|Any CPU
		{52E40707-72D2-416D-B4A2-9957268FEF5C}.Release|Any CPU.ActiveCfg = Release|Any CPU
		{52E40707-72D2-416D-B4A2-9957268FEF5C}.Release|Any CPU.Build.0 = Release|Any CPU
		{7B1B22F2-D67D-4A99-9093-C998060031AA}.Debug|Any CPU.ActiveCfg = Debug|Any CPU
		{7B1B22F2-D67D-4A99-9093-C998060031AA}.Debug|Any CPU.Build.0 = Debug|Any CPU
		{7B1B22F2-D67D-4A99-9093-C998060031AA}.Release|Any CPU.ActiveCfg = Release|Any CPU
		{7B1B22F2-D67D-4A99-9093-C998060031AA}.Release|Any CPU.Build.0 = Release|Any CPU
		{5D57EC55-468D-453E-8FDF-1A57B0EB02B2}.Debug|Any CPU.ActiveCfg = Debug|Any CPU
		{5D57EC55-468D-453E-8FDF-1A57B0EB02B2}.Debug|Any CPU.Build.0 = Debug|Any CPU
		{5D57EC55-468D-453E-8FDF-1A57B0EB02B2}.Release|Any CPU.ActiveCfg = Release|Any CPU
		{5D57EC55-468D-453E-8FDF-1A57B0EB02B2}.Release|Any CPU.Build.0 = Release|Any CPU
		{FA6038D0-096A-4292-9634-A1FF7FDA19E3}.Debug|Any CPU.ActiveCfg = Debug|Any CPU
		{FA6038D0-096A-4292-9634-A1FF7FDA19E3}.Debug|Any CPU.Build.0 = Debug|Any CPU
		{FA6038D0-096A-4292-9634-A1FF7FDA19E3}.Release|Any CPU.ActiveCfg = Release|Any CPU
		{FA6038D0-096A-4292-9634-A1FF7FDA19E3}.Release|Any CPU.Build.0 = Release|Any CPU
	EndGlobalSection
	GlobalSection(SolutionProperties) = preSolution
		HideSolutionNode = FALSE
	EndGlobalSection
	GlobalSection(NestedProjects) = preSolution
		{5A6C96EE-7D5D-4C02-9DFD-28B1B882F479} = {1075B439-0722-4F91-A8F1-E0F7D240D0AD}
		{8B4E1B36-ECBA-477B-9FB4-D833BD23C544} = {1075B439-0722-4F91-A8F1-E0F7D240D0AD}
		{2A3E6BF4-201A-468D-A0E9-8147FC57409C} = {B6F0F052-4D69-4AEC-A09B-852B26545540}
		{257C296C-A846-46A5-B907-CA8FAD254CBD} = {B6F0F052-4D69-4AEC-A09B-852B26545540}
		{5604C3EA-CF87-457F-8374-606E364F83F5} = {B6F0F052-4D69-4AEC-A09B-852B26545540}
		{4FE6AE78-4C92-433C-A398-8A2E0B13FF09} = {B6F0F052-4D69-4AEC-A09B-852B26545540}
		{52E40707-72D2-416D-B4A2-9957268FEF5C} = {1075B439-0722-4F91-A8F1-E0F7D240D0AD}
		{7B1B22F2-D67D-4A99-9093-C998060031AA} = {1075B439-0722-4F91-A8F1-E0F7D240D0AD}
		{5D57EC55-468D-453E-8FDF-1A57B0EB02B2} = {1075B439-0722-4F91-A8F1-E0F7D240D0AD}
		{FA6038D0-096A-4292-9634-A1FF7FDA19E3} = {1075B439-0722-4F91-A8F1-E0F7D240D0AD}
	EndGlobalSection
	GlobalSection(ExtensibilityGlobals) = postSolution
		SolutionGuid = {E00F41AF-6DF9-4695-B384-2DA67DB232FF}
	EndGlobalSection
EndGlobal
