
Microsoft Visual Studio Solution File, Format Version 12.00
# Visual Studio Version 16
VisualStudioVersion = 16.0.31205.134
MinimumVisualStudioVersion = 10.0.40219.1
Project("{9A19103F-16F7-4668-BE54-9A1E7A4F7556}") = "Intel.EmployeeManagement.Data", "IntelEmployeeManagementData\Intel.EmployeeManagement.Data.csproj", "{5A6C96EE-7D5D-4C02-9DFD-28B1B882F479}"
EndProject
Project("{9A19103F-16F7-4668-BE54-9A1E7A4F7556}") = "Intel.EmployeeManagement.WebAPI", "IntelEmployeeManagementWebAPI\Intel.EmployeeManagement.WebAPI.csproj", "{8B4E1B36-ECBA-477B-9FB4-D833BD23C544}"
EndProject
Project("{9A19103F-16F7-4668-BE54-9A1E7A4F7556}") = "Intel.EmployeeManagement.BlazorClientApp", "IntelEmployeeManagementBlazorClientApp\Intel.EmployeeManagement.BlazorClientApp.csproj", "{52E40707-72D2-416D-B4A2-9957268FEF5C}"
EndProject
Project("{9A19103F-16F7-4668-BE54-9A1E7A4F7556}") = "Intel.EmployeeManagement.RazorClassLibrary", "IntelEmployeeManagementRazorClassLibrary\Intel.EmployeeManagement.RazorClassLibrary.csproj", "{7B1B22F2-D67D-4A99-9093-C998060031AA}"
EndProject
Project("{9A19103F-16F7-4668-BE54-9A1E7A4F7556}") = "Intel.EmployeeManagement.BlazorServerApp", "IntelEmployeeManagementBlazorServerApp\Intel.EmployeeManagement.BlazorServerApp.csproj", "{5D57EC55-468D-453E-8FDF-1A57B0EB02B2}"
EndProject
Project("{9A19103F-16F7-4668-BE54-9A1E7A4F7556}") = "Intel.EmployeeManagement.IdentityProvider", "IntelEmployeeManagementIdentityProvider\Intel.EmployeeManagement.IdentityProvider.csproj", "{FA6038D0-096A-4292-9634-A1FF7FDA19E3}"
EndProject
Project("{9A19103F-16F7-4668-BE54-9A1E7A4F7556}") = "Intel.EmployeeManagement.BlazorClientApp.UnitTests", "Intel.EmployeeManagement.BlazorClientApp.UnitTests\Intel.EmployeeManagement.BlazorClientApp.UnitTests.csproj", "{65344585-304E-4B02-80DA-3933181A0AD1}"
EndProject
Project("{2150E333-8FDC-42A3-9474-1A3956D46DE8}") = "3. UI", "3. UI", "{4B9B3897-FEBC-4386-B596-462596F8881E}"
EndProject
Project("{2150E333-8FDC-42A3-9474-1A3956D46DE8}") = "2. APIs", "2. APIs", "{307C4351-F678-4FEA-98CD-67C5A09ED024}"
EndProject
Project("{2150E333-8FDC-42A3-9474-1A3956D46DE8}") = "4. Tests", "4. Tests", "{1E5B8394-62D5-4557-BBEE-FB8E01588237}"
EndProject
Project("{2150E333-8FDC-42A3-9474-1A3956D46DE8}") = "1. Data", "1. Data", "{66930D3C-82EF-4A8C-86B8-5D614A7FD129}"
EndProject
Project("{9A19103F-16F7-4668-BE54-9A1E7A4F7556}") = "Intel.EmployeeManagement.WebApi.IntegrationTests_1", "Intel.EmployeeManagement.WebApi.IntegrationTests_1\Intel.EmployeeManagement.WebApi.IntegrationTests_1.csproj", "{7B13AC62-29B5-4981-852A-9347F3CD2AD3}"
EndProject
Project("{9A19103F-16F7-4668-BE54-9A1E7A4F7556}") = "Intel.EmployeeManagement.IdentityProvider.IntegrationTests", "Intel.EmployeeManagement.IdentityProvider.IntegrationTests\Intel.EmployeeManagement.IdentityProvider.IntegrationTests.csproj", "{E2794DE8-D01D-451E-B076-2CFFDCEB82AF}"
EndProject
Project("{9A19103F-16F7-4668-BE54-9A1E7A4F7556}") = "Intel.EmployeeManagement.IdentityProvider.UnitTests", "Intel.EmployeeManagement.IdentityProvider.UnitTests\Intel.EmployeeManagement.IdentityProvider.UnitTests.csproj", "{6BC57CFB-9D7D-4A4F-A946-9A96C4590284}"
EndProject
Project("{9A19103F-16F7-4668-BE54-9A1E7A4F7556}") = "Intel.EmployeeManagement.WebApi.UnitTests", "Intel.EmployeeManagement.WebApi.UnitTests\Intel.EmployeeManagement.WebApi.UnitTests.csproj", "{E3F2D727-7570-40A7-8555-C2EA1197EBE7}"
EndProject
Project("{9A19103F-16F7-4668-BE54-9A1E7A4F7556}") = "Intel.EmployeeManagement.BlazorClientApp.e2eTests", "Intel.EmployeeManagement.BlazorClientApp.e2eTests\Intel.EmployeeManagement.BlazorClientApp.e2eTests.csproj", "{BFE10069-64F6-478B-8FE8-BA61D2B12868}"
EndProject
Project("{2150E333-8FDC-42A3-9474-1A3956D46DE8}") = "1. Unit Tests (API and UI)", "1. Unit Tests (API and UI)", "{E9652A14-52D6-442E-9456-8D185DC1263F}"
EndProject
Project("{2150E333-8FDC-42A3-9474-1A3956D46DE8}") = "2. Integration Tests in Development environment (API)", "2. Integration Tests in Development environment (API)", "{C3509BDD-354A-4514-BD91-5D392C83FE40}"
EndProject
Project("{2150E333-8FDC-42A3-9474-1A3956D46DE8}") = "4. e2e Selenium Tests in Qa environment (UI)", "4. e2e Selenium Tests in Qa environment (UI)", "{BB669A17-EF9C-4567-9576-3CB20884A7E9}"
EndProject
Project("{9A19103F-16F7-4668-BE54-9A1E7A4F7556}") = "Intel.EmployeeManagement.WebApi.IntegrationTests_2", "Intel.EmployeeManagement.WebApi.IntegrationTests_2\Intel.EmployeeManagement.WebApi.IntegrationTests_2.csproj", "{29D08ECE-C6BB-431A-8E27-B9E8CA3E509F}"
EndProject
Project("{2150E333-8FDC-42A3-9474-1A3956D46DE8}") = "3. Integration Tests in Qa environment (API)", "3. Integration Tests in Qa environment (API)", "{52848ACE-4495-4F33-A9F6-2AC3D7C34CCF}"
EndProject
Project("{9A19103F-16F7-4668-BE54-9A1E7A4F7556}") = "Intel.EmployeeManagement.IdentityProvider.IntegrationTestsQaEnv", "Intel.EmployeeManagement.IdentityProvider.IntegrationTestsQaEnv\Intel.EmployeeManagement.IdentityProvider.IntegrationTestsQaEnv.csproj", "{DBA29C27-9DC2-414B-A5F1-114B49C30CF0}"
EndProject
Project("{9A19103F-16F7-4668-BE54-9A1E7A4F7556}") = "Intel.EmployeeManagement.WebAPI.IntegrationTestsQaEnv", "Intel.EmployeeManagement.WebAPI.IntegrationTestsQaEnv\Intel.EmployeeManagement.WebAPI.IntegrationTestsQaEnv.csproj", "{744B0CA8-19BB-48A8-957C-EAAFFEC79E25}"
EndProject
Global
	GlobalSection(SolutionConfigurationPlatforms) = preSolution
		Debug|Any CPU = Debug|Any CPU
		Qa|Any CPU = Qa|Any CPU
		Release|Any CPU = Release|Any CPU
	EndGlobalSection
	GlobalSection(ProjectConfigurationPlatforms) = postSolution
		{5A6C96EE-7D5D-4C02-9DFD-28B1B882F479}.Debug|Any CPU.ActiveCfg = Debug|Any CPU
		{5A6C96EE-7D5D-4C02-9DFD-28B1B882F479}.Debug|Any CPU.Build.0 = Debug|Any CPU
		{5A6C96EE-7D5D-4C02-9DFD-28B1B882F479}.Qa|Any CPU.ActiveCfg = Debug|Any CPU
		{5A6C96EE-7D5D-4C02-9DFD-28B1B882F479}.Qa|Any CPU.Build.0 = Debug|Any CPU
		{5A6C96EE-7D5D-4C02-9DFD-28B1B882F479}.Release|Any CPU.ActiveCfg = Release|Any CPU
		{5A6C96EE-7D5D-4C02-9DFD-28B1B882F479}.Release|Any CPU.Build.0 = Release|Any CPU
		{8B4E1B36-ECBA-477B-9FB4-D833BD23C544}.Debug|Any CPU.ActiveCfg = Debug|Any CPU
		{8B4E1B36-ECBA-477B-9FB4-D833BD23C544}.Debug|Any CPU.Build.0 = Debug|Any CPU
		{8B4E1B36-ECBA-477B-9FB4-D833BD23C544}.Qa|Any CPU.ActiveCfg = Qa|Any CPU
		{8B4E1B36-ECBA-477B-9FB4-D833BD23C544}.Qa|Any CPU.Build.0 = Qa|Any CPU
		{8B4E1B36-ECBA-477B-9FB4-D833BD23C544}.Release|Any CPU.ActiveCfg = Release|Any CPU
		{8B4E1B36-ECBA-477B-9FB4-D833BD23C544}.Release|Any CPU.Build.0 = Release|Any CPU
		{52E40707-72D2-416D-B4A2-9957268FEF5C}.Debug|Any CPU.ActiveCfg = Debug|Any CPU
		{52E40707-72D2-416D-B4A2-9957268FEF5C}.Debug|Any CPU.Build.0 = Debug|Any CPU
		{52E40707-72D2-416D-B4A2-9957268FEF5C}.Qa|Any CPU.ActiveCfg = Debug|Any CPU
		{52E40707-72D2-416D-B4A2-9957268FEF5C}.Qa|Any CPU.Build.0 = Debug|Any CPU
		{52E40707-72D2-416D-B4A2-9957268FEF5C}.Release|Any CPU.ActiveCfg = Release|Any CPU
		{52E40707-72D2-416D-B4A2-9957268FEF5C}.Release|Any CPU.Build.0 = Release|Any CPU
		{7B1B22F2-D67D-4A99-9093-C998060031AA}.Debug|Any CPU.ActiveCfg = Debug|Any CPU
		{7B1B22F2-D67D-4A99-9093-C998060031AA}.Debug|Any CPU.Build.0 = Debug|Any CPU
		{7B1B22F2-D67D-4A99-9093-C998060031AA}.Qa|Any CPU.ActiveCfg = Qa|Any CPU
		{7B1B22F2-D67D-4A99-9093-C998060031AA}.Qa|Any CPU.Build.0 = Qa|Any CPU
		{7B1B22F2-D67D-4A99-9093-C998060031AA}.Release|Any CPU.ActiveCfg = Release|Any CPU
		{7B1B22F2-D67D-4A99-9093-C998060031AA}.Release|Any CPU.Build.0 = Release|Any CPU
		{5D57EC55-468D-453E-8FDF-1A57B0EB02B2}.Debug|Any CPU.ActiveCfg = Debug|Any CPU
		{5D57EC55-468D-453E-8FDF-1A57B0EB02B2}.Debug|Any CPU.Build.0 = Debug|Any CPU
		{5D57EC55-468D-453E-8FDF-1A57B0EB02B2}.Qa|Any CPU.ActiveCfg = Debug|Any CPU
		{5D57EC55-468D-453E-8FDF-1A57B0EB02B2}.Qa|Any CPU.Build.0 = Debug|Any CPU
		{5D57EC55-468D-453E-8FDF-1A57B0EB02B2}.Release|Any CPU.ActiveCfg = Release|Any CPU
		{5D57EC55-468D-453E-8FDF-1A57B0EB02B2}.Release|Any CPU.Build.0 = Release|Any CPU
		{FA6038D0-096A-4292-9634-A1FF7FDA19E3}.Debug|Any CPU.ActiveCfg = Debug|Any CPU
		{FA6038D0-096A-4292-9634-A1FF7FDA19E3}.Debug|Any CPU.Build.0 = Debug|Any CPU
		{FA6038D0-096A-4292-9634-A1FF7FDA19E3}.Qa|Any CPU.ActiveCfg = Debug|Any CPU
		{FA6038D0-096A-4292-9634-A1FF7FDA19E3}.Qa|Any CPU.Build.0 = Debug|Any CPU
		{FA6038D0-096A-4292-9634-A1FF7FDA19E3}.Release|Any CPU.ActiveCfg = Release|Any CPU
		{FA6038D0-096A-4292-9634-A1FF7FDA19E3}.Release|Any CPU.Build.0 = Release|Any CPU
		{65344585-304E-4B02-80DA-3933181A0AD1}.Debug|Any CPU.ActiveCfg = Debug|Any CPU
		{65344585-304E-4B02-80DA-3933181A0AD1}.Debug|Any CPU.Build.0 = Debug|Any CPU
		{65344585-304E-4B02-80DA-3933181A0AD1}.Qa|Any CPU.ActiveCfg = Debug|Any CPU
		{65344585-304E-4B02-80DA-3933181A0AD1}.Qa|Any CPU.Build.0 = Debug|Any CPU
		{65344585-304E-4B02-80DA-3933181A0AD1}.Release|Any CPU.ActiveCfg = Release|Any CPU
		{65344585-304E-4B02-80DA-3933181A0AD1}.Release|Any CPU.Build.0 = Release|Any CPU
		{7B13AC62-29B5-4981-852A-9347F3CD2AD3}.Debug|Any CPU.ActiveCfg = Debug|Any CPU
		{7B13AC62-29B5-4981-852A-9347F3CD2AD3}.Debug|Any CPU.Build.0 = Debug|Any CPU
		{7B13AC62-29B5-4981-852A-9347F3CD2AD3}.Qa|Any CPU.ActiveCfg = Qa|Any CPU
		{7B13AC62-29B5-4981-852A-9347F3CD2AD3}.Qa|Any CPU.Build.0 = Qa|Any CPU
		{7B13AC62-29B5-4981-852A-9347F3CD2AD3}.Release|Any CPU.ActiveCfg = Release|Any CPU
		{7B13AC62-29B5-4981-852A-9347F3CD2AD3}.Release|Any CPU.Build.0 = Release|Any CPU
		{E2794DE8-D01D-451E-B076-2CFFDCEB82AF}.Debug|Any CPU.ActiveCfg = Debug|Any CPU
		{E2794DE8-D01D-451E-B076-2CFFDCEB82AF}.Debug|Any CPU.Build.0 = Debug|Any CPU
		{E2794DE8-D01D-451E-B076-2CFFDCEB82AF}.Qa|Any CPU.ActiveCfg = Qa|Any CPU
		{E2794DE8-D01D-451E-B076-2CFFDCEB82AF}.Qa|Any CPU.Build.0 = Qa|Any CPU
		{E2794DE8-D01D-451E-B076-2CFFDCEB82AF}.Release|Any CPU.ActiveCfg = Release|Any CPU
		{E2794DE8-D01D-451E-B076-2CFFDCEB82AF}.Release|Any CPU.Build.0 = Release|Any CPU
		{6BC57CFB-9D7D-4A4F-A946-9A96C4590284}.Debug|Any CPU.ActiveCfg = Debug|Any CPU
		{6BC57CFB-9D7D-4A4F-A946-9A96C4590284}.Debug|Any CPU.Build.0 = Debug|Any CPU
		{6BC57CFB-9D7D-4A4F-A946-9A96C4590284}.Qa|Any CPU.ActiveCfg = Qa|Any CPU
		{6BC57CFB-9D7D-4A4F-A946-9A96C4590284}.Qa|Any CPU.Build.0 = Qa|Any CPU
		{6BC57CFB-9D7D-4A4F-A946-9A96C4590284}.Release|Any CPU.ActiveCfg = Release|Any CPU
		{6BC57CFB-9D7D-4A4F-A946-9A96C4590284}.Release|Any CPU.Build.0 = Release|Any CPU
		{E3F2D727-7570-40A7-8555-C2EA1197EBE7}.Debug|Any CPU.ActiveCfg = Debug|Any CPU
		{E3F2D727-7570-40A7-8555-C2EA1197EBE7}.Debug|Any CPU.Build.0 = Debug|Any CPU
		{E3F2D727-7570-40A7-8555-C2EA1197EBE7}.Qa|Any CPU.ActiveCfg = Qa|Any CPU
		{E3F2D727-7570-40A7-8555-C2EA1197EBE7}.Qa|Any CPU.Build.0 = Qa|Any CPU
		{E3F2D727-7570-40A7-8555-C2EA1197EBE7}.Release|Any CPU.ActiveCfg = Release|Any CPU
		{E3F2D727-7570-40A7-8555-C2EA1197EBE7}.Release|Any CPU.Build.0 = Release|Any CPU
		{BFE10069-64F6-478B-8FE8-BA61D2B12868}.Debug|Any CPU.ActiveCfg = Debug|Any CPU
		{BFE10069-64F6-478B-8FE8-BA61D2B12868}.Debug|Any CPU.Build.0 = Debug|Any CPU
		{BFE10069-64F6-478B-8FE8-BA61D2B12868}.Qa|Any CPU.ActiveCfg = Debug|Any CPU
		{BFE10069-64F6-478B-8FE8-BA61D2B12868}.Qa|Any CPU.Build.0 = Debug|Any CPU
		{BFE10069-64F6-478B-8FE8-BA61D2B12868}.Release|Any CPU.ActiveCfg = Release|Any CPU
		{BFE10069-64F6-478B-8FE8-BA61D2B12868}.Release|Any CPU.Build.0 = Release|Any CPU
		{29D08ECE-C6BB-431A-8E27-B9E8CA3E509F}.Debug|Any CPU.ActiveCfg = Debug|Any CPU
		{29D08ECE-C6BB-431A-8E27-B9E8CA3E509F}.Debug|Any CPU.Build.0 = Debug|Any CPU
		{29D08ECE-C6BB-431A-8E27-B9E8CA3E509F}.Qa|Any CPU.ActiveCfg = Qa|Any CPU
		{29D08ECE-C6BB-431A-8E27-B9E8CA3E509F}.Qa|Any CPU.Build.0 = Qa|Any CPU
		{29D08ECE-C6BB-431A-8E27-B9E8CA3E509F}.Release|Any CPU.ActiveCfg = Release|Any CPU
		{29D08ECE-C6BB-431A-8E27-B9E8CA3E509F}.Release|Any CPU.Build.0 = Release|Any CPU
		{DBA29C27-9DC2-414B-A5F1-114B49C30CF0}.Debug|Any CPU.ActiveCfg = Debug|Any CPU
		{DBA29C27-9DC2-414B-A5F1-114B49C30CF0}.Debug|Any CPU.Build.0 = Debug|Any CPU
		{DBA29C27-9DC2-414B-A5F1-114B49C30CF0}.Qa|Any CPU.ActiveCfg = Qa|Any CPU
		{DBA29C27-9DC2-414B-A5F1-114B49C30CF0}.Qa|Any CPU.Build.0 = Qa|Any CPU
		{DBA29C27-9DC2-414B-A5F1-114B49C30CF0}.Release|Any CPU.ActiveCfg = Release|Any CPU
		{DBA29C27-9DC2-414B-A5F1-114B49C30CF0}.Release|Any CPU.Build.0 = Release|Any CPU
		{744B0CA8-19BB-48A8-957C-EAAFFEC79E25}.Debug|Any CPU.ActiveCfg = Debug|Any CPU
		{744B0CA8-19BB-48A8-957C-EAAFFEC79E25}.Debug|Any CPU.Build.0 = Debug|Any CPU
		{744B0CA8-19BB-48A8-957C-EAAFFEC79E25}.Qa|Any CPU.ActiveCfg = Qa|Any CPU
		{744B0CA8-19BB-48A8-957C-EAAFFEC79E25}.Qa|Any CPU.Build.0 = Qa|Any CPU
		{744B0CA8-19BB-48A8-957C-EAAFFEC79E25}.Release|Any CPU.ActiveCfg = Release|Any CPU
		{744B0CA8-19BB-48A8-957C-EAAFFEC79E25}.Release|Any CPU.Build.0 = Release|Any CPU
	EndGlobalSection
	GlobalSection(SolutionProperties) = preSolution
		HideSolutionNode = FALSE
	EndGlobalSection
	GlobalSection(NestedProjects) = preSolution
		{5A6C96EE-7D5D-4C02-9DFD-28B1B882F479} = {66930D3C-82EF-4A8C-86B8-5D614A7FD129}
		{8B4E1B36-ECBA-477B-9FB4-D833BD23C544} = {307C4351-F678-4FEA-98CD-67C5A09ED024}
		{52E40707-72D2-416D-B4A2-9957268FEF5C} = {4B9B3897-FEBC-4386-B596-462596F8881E}
		{7B1B22F2-D67D-4A99-9093-C998060031AA} = {4B9B3897-FEBC-4386-B596-462596F8881E}
		{5D57EC55-468D-453E-8FDF-1A57B0EB02B2} = {4B9B3897-FEBC-4386-B596-462596F8881E}
		{FA6038D0-096A-4292-9634-A1FF7FDA19E3} = {307C4351-F678-4FEA-98CD-67C5A09ED024}
		{65344585-304E-4B02-80DA-3933181A0AD1} = {E9652A14-52D6-442E-9456-8D185DC1263F}
		{7B13AC62-29B5-4981-852A-9347F3CD2AD3} = {C3509BDD-354A-4514-BD91-5D392C83FE40}
		{E2794DE8-D01D-451E-B076-2CFFDCEB82AF} = {C3509BDD-354A-4514-BD91-5D392C83FE40}
		{6BC57CFB-9D7D-4A4F-A946-9A96C4590284} = {E9652A14-52D6-442E-9456-8D185DC1263F}
		{E3F2D727-7570-40A7-8555-C2EA1197EBE7} = {E9652A14-52D6-442E-9456-8D185DC1263F}
		{BFE10069-64F6-478B-8FE8-BA61D2B12868} = {BB669A17-EF9C-4567-9576-3CB20884A7E9}
		{E9652A14-52D6-442E-9456-8D185DC1263F} = {1E5B8394-62D5-4557-BBEE-FB8E01588237}
		{C3509BDD-354A-4514-BD91-5D392C83FE40} = {1E5B8394-62D5-4557-BBEE-FB8E01588237}
		{BB669A17-EF9C-4567-9576-3CB20884A7E9} = {1E5B8394-62D5-4557-BBEE-FB8E01588237}
		{29D08ECE-C6BB-431A-8E27-B9E8CA3E509F} = {C3509BDD-354A-4514-BD91-5D392C83FE40}
		{52848ACE-4495-4F33-A9F6-2AC3D7C34CCF} = {1E5B8394-62D5-4557-BBEE-FB8E01588237}
		{DBA29C27-9DC2-414B-A5F1-114B49C30CF0} = {52848ACE-4495-4F33-A9F6-2AC3D7C34CCF}
		{744B0CA8-19BB-48A8-957C-EAAFFEC79E25} = {52848ACE-4495-4F33-A9F6-2AC3D7C34CCF}
	EndGlobalSection
	GlobalSection(ExtensibilityGlobals) = postSolution
		SolutionGuid = {E00F41AF-6DF9-4695-B384-2DA67DB232FF}
	EndGlobalSection
EndGlobal
